// !$*UTF8*$!
{
	archiveVersion = 1;
	classes = {
	};
	objectVersion = 56;
	objects = {

/* Begin PBXBuildFile section */
		B06FC83A296FB3FE00B202D8 /* AppDelegate.swift in Sources */ = {isa = PBXBuildFile; fileRef = B06FC839296FB3FE00B202D8 /* AppDelegate.swift */; };
		B06FC83C296FB3FE00B202D8 /* SceneDelegate.swift in Sources */ = {isa = PBXBuildFile; fileRef = B06FC83B296FB3FE00B202D8 /* SceneDelegate.swift */; };
		B06FC83E296FB3FE00B202D8 /* ViewController.swift in Sources */ = {isa = PBXBuildFile; fileRef = B06FC83D296FB3FE00B202D8 /* ViewController.swift */; };
		B06FC841296FB3FE00B202D8 /* Main.storyboard in Resources */ = {isa = PBXBuildFile; fileRef = B06FC83F296FB3FE00B202D8 /* Main.storyboard */; };
		B06FC843296FB3FF00B202D8 /* Assets.xcassets in Resources */ = {isa = PBXBuildFile; fileRef = B06FC842296FB3FF00B202D8 /* Assets.xcassets */; };
		B06FC846296FB3FF00B202D8 /* LaunchScreen.storyboard in Resources */ = {isa = PBXBuildFile; fileRef = B06FC844296FB3FF00B202D8 /* LaunchScreen.storyboard */; };
		B06FC851296FB3FF00B202D8 /* DynamicControlTests.swift in Sources */ = {isa = PBXBuildFile; fileRef = B06FC850296FB3FF00B202D8 /* DynamicControlTests.swift */; };
		B06FC85B296FB3FF00B202D8 /* DynamicControlUITests.swift in Sources */ = {isa = PBXBuildFile; fileRef = B06FC85A296FB3FF00B202D8 /* DynamicControlUITests.swift */; };
		B06FC85D296FB3FF00B202D8 /* DynamicControlUITestsLaunchTests.swift in Sources */ = {isa = PBXBuildFile; fileRef = B06FC85C296FB3FF00B202D8 /* DynamicControlUITestsLaunchTests.swift */; };
/* End PBXBuildFile section */

/* Begin PBXContainerItemProxy section */
		B06FC84D296FB3FF00B202D8 /* PBXContainerItemProxy */ = {
			isa = PBXContainerItemProxy;
			containerPortal = B06FC82E296FB3FE00B202D8 /* Project object */;
			proxyType = 1;
			remoteGlobalIDString = B06FC835296FB3FE00B202D8;
			remoteInfo = DynamicControl;
		};
		B06FC857296FB3FF00B202D8 /* PBXContainerItemProxy */ = {
			isa = PBXContainerItemProxy;
			containerPortal = B06FC82E296FB3FE00B202D8 /* Project object */;
			proxyType = 1;
			remoteGlobalIDString = B06FC835296FB3FE00B202D8;
			remoteInfo = DynamicControl;
		};
/* End PBXContainerItemProxy section */

/* Begin PBXFileReference section */
		B06FC836296FB3FE00B202D8 /* DynamicControl.app */ = {isa = PBXFileReference; explicitFileType = wrapper.application; includeInIndex = 0; path = DynamicControl.app; sourceTree = BUILT_PRODUCTS_DIR; };
		B06FC839296FB3FE00B202D8 /* AppDelegate.swift */ = {isa = PBXFileReference; lastKnownFileType = sourcecode.swift; path = AppDelegate.swift; sourceTree = "<group>"; };
		B06FC83B296FB3FE00B202D8 /* SceneDelegate.swift */ = {isa = PBXFileReference; lastKnownFileType = sourcecode.swift; path = SceneDelegate.swift; sourceTree = "<group>"; };
		B06FC83D296FB3FE00B202D8 /* ViewController.swift */ = {isa = PBXFileReference; lastKnownFileType = sourcecode.swift; path = ViewController.swift; sourceTree = "<group>"; };
		B06FC840296FB3FE00B202D8 /* Base */ = {isa = PBXFileReference; lastKnownFileType = file.storyboard; name = Base; path = Base.lproj/Main.storyboard; sourceTree = "<group>"; };
		B06FC842296FB3FF00B202D8 /* Assets.xcassets */ = {isa = PBXFileReference; lastKnownFileType = folder.assetcatalog; path = Assets.xcassets; sourceTree = "<group>"; };
		B06FC845296FB3FF00B202D8 /* Base */ = {isa = PBXFileReference; lastKnownFileType = file.storyboard; name = Base; path = Base.lproj/LaunchScreen.storyboard; sourceTree = "<group>"; };
		B06FC847296FB3FF00B202D8 /* Info.plist */ = {isa = PBXFileReference; lastKnownFileType = text.plist.xml; path = Info.plist; sourceTree = "<group>"; };
		B06FC84C296FB3FF00B202D8 /* DynamicControlTests.xctest */ = {isa = PBXFileReference; explicitFileType = wrapper.cfbundle; includeInIndex = 0; path = DynamicControlTests.xctest; sourceTree = BUILT_PRODUCTS_DIR; };
		B06FC850296FB3FF00B202D8 /* DynamicControlTests.swift */ = {isa = PBXFileReference; lastKnownFileType = sourcecode.swift; path = DynamicControlTests.swift; sourceTree = "<group>"; };
		B06FC856296FB3FF00B202D8 /* DynamicControlUITests.xctest */ = {isa = PBXFileReference; explicitFileType = wrapper.cfbundle; includeInIndex = 0; path = DynamicControlUITests.xctest; sourceTree = BUILT_PRODUCTS_DIR; };
		B06FC85A296FB3FF00B202D8 /* DynamicControlUITests.swift */ = {isa = PBXFileReference; lastKnownFileType = sourcecode.swift; path = DynamicControlUITests.swift; sourceTree = "<group>"; };
		B06FC85C296FB3FF00B202D8 /* DynamicControlUITestsLaunchTests.swift */ = {isa = PBXFileReference; lastKnownFileType = sourcecode.swift; path = DynamicControlUITestsLaunchTests.swift; sourceTree = "<group>"; };
/* End PBXFileReference section */

/* Begin PBXFrameworksBuildPhase section */
		B06FC833296FB3FE00B202D8 /* Frameworks */ = {
			isa = PBXFrameworksBuildPhase;
			buildActionMask = 2147483647;
			files = (
			);
			runOnlyForDeploymentPostprocessing = 0;
		};
		B06FC849296FB3FF00B202D8 /* Frameworks */ = {
			isa = PBXFrameworksBuildPhase;
			buildActionMask = 2147483647;
			files = (
			);
			runOnlyForDeploymentPostprocessing = 0;
		};
		B06FC853296FB3FF00B202D8 /* Frameworks */ = {
			isa = PBXFrameworksBuildPhase;
			buildActionMask = 2147483647;
			files = (
			);
			runOnlyForDeploymentPostprocessing = 0;
		};
/* End PBXFrameworksBuildPhase section */

/* Begin PBXGroup section */
		B06FC82D296FB3FE00B202D8 = {
			isa = PBXGroup;
			children = (
				B06FC838296FB3FE00B202D8 /* DynamicControl */,
				B06FC84F296FB3FF00B202D8 /* DynamicControlTests */,
				B06FC859296FB3FF00B202D8 /* DynamicControlUITests */,
				B06FC837296FB3FE00B202D8 /* Products */,
			);
			sourceTree = "<group>";
		};
		B06FC837296FB3FE00B202D8 /* Products */ = {
			isa = PBXGroup;
			children = (
				B06FC836296FB3FE00B202D8 /* DynamicControl.app */,
				B06FC84C296FB3FF00B202D8 /* DynamicControlTests.xctest */,
				B06FC856296FB3FF00B202D8 /* DynamicControlUITests.xctest */,
			);
			name = Products;
			sourceTree = "<group>";
		};
		B06FC838296FB3FE00B202D8 /* DynamicControl */ = {
			isa = PBXGroup;
			children = (
				B06FC839296FB3FE00B202D8 /* AppDelegate.swift */,
				B06FC83B296FB3FE00B202D8 /* SceneDelegate.swift */,
				B06FC83D296FB3FE00B202D8 /* ViewController.swift */,
				B06FC83F296FB3FE00B202D8 /* Main.storyboard */,
				B06FC842296FB3FF00B202D8 /* Assets.xcassets */,
				B06FC844296FB3FF00B202D8 /* LaunchScreen.storyboard */,
				B06FC847296FB3FF00B202D8 /* Info.plist */,
			);
			path = DynamicControl;
			sourceTree = "<group>";
		};
		B06FC84F296FB3FF00B202D8 /* DynamicControlTests */ = {
			isa = PBXGroup;
			children = (
				B06FC850296FB3FF00B202D8 /* DynamicControlTests.swift */,
			);
			path = DynamicControlTests;
			sourceTree = "<group>";
		};
		B06FC859296FB3FF00B202D8 /* DynamicControlUITests */ = {
			isa = PBXGroup;
			children = (
				B06FC85A296FB3FF00B202D8 /* DynamicControlUITests.swift */,
				B06FC85C296FB3FF00B202D8 /* DynamicControlUITestsLaunchTests.swift */,
			);
			path = DynamicControlUITests;
			sourceTree = "<group>";
		};
/* End PBXGroup section */

/* Begin PBXNativeTarget section */
		B06FC835296FB3FE00B202D8 /* DynamicControl */ = {
			isa = PBXNativeTarget;
			buildConfigurationList = B06FC860296FB3FF00B202D8 /* Build configuration list for PBXNativeTarget "DynamicControl" */;
			buildPhases = (
				B06FC832296FB3FE00B202D8 /* Sources */,
				B06FC833296FB3FE00B202D8 /* Frameworks */,
				B06FC834296FB3FE00B202D8 /* Resources */,
			);
			buildRules = (
			);
			dependencies = (
			);
			name = DynamicControl;
			productName = DynamicControl;
			productReference = B06FC836296FB3FE00B202D8 /* DynamicControl.app */;
			productType = "com.apple.product-type.application";
		};
		B06FC84B296FB3FF00B202D8 /* DynamicControlTests */ = {
			isa = PBXNativeTarget;
			buildConfigurationList = B06FC863296FB3FF00B202D8 /* Build configuration list for PBXNativeTarget "DynamicControlTests" */;
			buildPhases = (
				B06FC848296FB3FF00B202D8 /* Sources */,
				B06FC849296FB3FF00B202D8 /* Frameworks */,
				B06FC84A296FB3FF00B202D8 /* Resources */,
			);
			buildRules = (
			);
			dependencies = (
				B06FC84E296FB3FF00B202D8 /* PBXTargetDependency */,
			);
			name = DynamicControlTests;
			productName = DynamicControlTests;
			productReference = B06FC84C296FB3FF00B202D8 /* DynamicControlTests.xctest */;
			productType = "com.apple.product-type.bundle.unit-test";
		};
		B06FC855296FB3FF00B202D8 /* DynamicControlUITests */ = {
			isa = PBXNativeTarget;
			buildConfigurationList = B06FC866296FB3FF00B202D8 /* Build configuration list for PBXNativeTarget "DynamicControlUITests" */;
			buildPhases = (
				B06FC852296FB3FF00B202D8 /* Sources */,
				B06FC853296FB3FF00B202D8 /* Frameworks */,
				B06FC854296FB3FF00B202D8 /* Resources */,
			);
			buildRules = (
			);
			dependencies = (
				B06FC858296FB3FF00B202D8 /* PBXTargetDependency */,
			);
			name = DynamicControlUITests;
			productName = DynamicControlUITests;
			productReference = B06FC856296FB3FF00B202D8 /* DynamicControlUITests.xctest */;
			productType = "com.apple.product-type.bundle.ui-testing";
		};
/* End PBXNativeTarget section */

/* Begin PBXProject section */
		B06FC82E296FB3FE00B202D8 /* Project object */ = {
			isa = PBXProject;
			attributes = {
				BuildIndependentTargetsInParallel = 1;
				LastSwiftUpdateCheck = 1420;
				LastUpgradeCheck = 1420;
				TargetAttributes = {
					B06FC835296FB3FE00B202D8 = {
						CreatedOnToolsVersion = 14.2;
					};
					B06FC84B296FB3FF00B202D8 = {
						CreatedOnToolsVersion = 14.2;
						TestTargetID = B06FC835296FB3FE00B202D8;
					};
					B06FC855296FB3FF00B202D8 = {
						CreatedOnToolsVersion = 14.2;
						TestTargetID = B06FC835296FB3FE00B202D8;
					};
				};
			};
			buildConfigurationList = B06FC831296FB3FE00B202D8 /* Build configuration list for PBXProject "DynamicControl" */;
			compatibilityVersion = "Xcode 14.0";
			developmentRegion = en;
			hasScannedForEncodings = 0;
			knownRegions = (
				en,
				Base,
			);
			mainGroup = B06FC82D296FB3FE00B202D8;
			productRefGroup = B06FC837296FB3FE00B202D8 /* Products */;
			projectDirPath = "";
			projectRoot = "";
			targets = (
				B06FC835296FB3FE00B202D8 /* DynamicControl */,
				B06FC84B296FB3FF00B202D8 /* DynamicControlTests */,
				B06FC855296FB3FF00B202D8 /* DynamicControlUITests */,
			);
		};
/* End PBXProject section */

/* Begin PBXResourcesBuildPhase section */
		B06FC834296FB3FE00B202D8 /* Resources */ = {
			isa = PBXResourcesBuildPhase;
			buildActionMask = 2147483647;
			files = (
				B06FC846296FB3FF00B202D8 /* LaunchScreen.storyboard in Resources */,
				B06FC843296FB3FF00B202D8 /* Assets.xcassets in Resources */,
				B06FC841296FB3FE00B202D8 /* Main.storyboard in Resources */,
			);
			runOnlyForDeploymentPostprocessing = 0;
		};
		B06FC84A296FB3FF00B202D8 /* Resources */ = {
			isa = PBXResourcesBuildPhase;
			buildActionMask = 2147483647;
			files = (
			);
			runOnlyForDeploymentPostprocessing = 0;
		};
		B06FC854296FB3FF00B202D8 /* Resources */ = {
			isa = PBXResourcesBuildPhase;
			buildActionMask = 2147483647;
			files = (
			);
			runOnlyForDeploymentPostprocessing = 0;
		};
/* End PBXResourcesBuildPhase section */

/* Begin PBXSourcesBuildPhase section */
		B06FC832296FB3FE00B202D8 /* Sources */ = {
			isa = PBXSourcesBuildPhase;
			buildActionMask = 2147483647;
			files = (
				B06FC83E296FB3FE00B202D8 /* ViewController.swift in Sources */,
				B06FC83A296FB3FE00B202D8 /* AppDelegate.swift in Sources */,
				B06FC83C296FB3FE00B202D8 /* SceneDelegate.swift in Sources */,
			);
			runOnlyForDeploymentPostprocessing = 0;
		};
		B06FC848296FB3FF00B202D8 /* Sources */ = {
			isa = PBXSourcesBuildPhase;
			buildActionMask = 2147483647;
			files = (
				B06FC851296FB3FF00B202D8 /* DynamicControlTests.swift in Sources */,
			);
			runOnlyForDeploymentPostprocessing = 0;
		};
		B06FC852296FB3FF00B202D8 /* Sources */ = {
			isa = PBXSourcesBuildPhase;
			buildActionMask = 2147483647;
			files = (
				B06FC85D296FB3FF00B202D8 /* DynamicControlUITestsLaunchTests.swift in Sources */,
				B06FC85B296FB3FF00B202D8 /* DynamicControlUITests.swift in Sources */,
			);
			runOnlyForDeploymentPostprocessing = 0;
		};
/* End PBXSourcesBuildPhase section */

/* Begin PBXTargetDependency section */
		B06FC84E296FB3FF00B202D8 /* PBXTargetDependency */ = {
			isa = PBXTargetDependency;
			target = B06FC835296FB3FE00B202D8 /* DynamicControl */;
			targetProxy = B06FC84D296FB3FF00B202D8 /* PBXContainerItemProxy */;
		};
		B06FC858296FB3FF00B202D8 /* PBXTargetDependency */ = {
			isa = PBXTargetDependency;
			target = B06FC835296FB3FE00B202D8 /* DynamicControl */;
			targetProxy = B06FC857296FB3FF00B202D8 /* PBXContainerItemProxy */;
		};
/* End PBXTargetDependency section */

/* Begin PBXVariantGroup section */
		B06FC83F296FB3FE00B202D8 /* Main.storyboard */ = {
			isa = PBXVariantGroup;
			children = (
				B06FC840296FB3FE00B202D8 /* Base */,
			);
			name = Main.storyboard;
			sourceTree = "<group>";
		};
		B06FC844296FB3FF00B202D8 /* LaunchScreen.storyboard */ = {
			isa = PBXVariantGroup;
			children = (
				B06FC845296FB3FF00B202D8 /* Base */,
			);
			name = LaunchScreen.storyboard;
			sourceTree = "<group>";
		};
/* End PBXVariantGroup section */

/* Begin XCBuildConfiguration section */
		B06FC85E296FB3FF00B202D8 /* Debug */ = {
			isa = XCBuildConfiguration;
			buildSettings = {
				ALWAYS_SEARCH_USER_PATHS = NO;
				CLANG_ANALYZER_NONNULL = YES;
				CLANG_ANALYZER_NUMBER_OBJECT_CONVERSION = YES_AGGRESSIVE;
				CLANG_CXX_LANGUAGE_STANDARD = "gnu++20";
				CLANG_ENABLE_MODULES = YES;
				CLANG_ENABLE_OBJC_ARC = YES;
				CLANG_ENABLE_OBJC_WEAK = YES;
				CLANG_WARN_BLOCK_CAPTURE_AUTORELEASING = YES;
				CLANG_WARN_BOOL_CONVERSION = YES;
				CLANG_WARN_COMMA = YES;
				CLANG_WARN_CONSTANT_CONVERSION = YES;
				CLANG_WARN_DEPRECATED_OBJC_IMPLEMENTATIONS = YES;
				CLANG_WARN_DIRECT_OBJC_ISA_USAGE = YES_ERROR;
				CLANG_WARN_DOCUMENTATION_COMMENTS = YES;
				CLANG_WARN_EMPTY_BODY = YES;
				CLANG_WARN_ENUM_CONVERSION = YES;
				CLANG_WARN_INFINITE_RECURSION = YES;
				CLANG_WARN_INT_CONVERSION = YES;
				CLANG_WARN_NON_LITERAL_NULL_CONVERSION = YES;
				CLANG_WARN_OBJC_IMPLICIT_RETAIN_SELF = YES;
				CLANG_WARN_OBJC_LITERAL_CONVERSION = YES;
				CLANG_WARN_OBJC_ROOT_CLASS = YES_ERROR;
				CLANG_WARN_QUOTED_INCLUDE_IN_FRAMEWORK_HEADER = YES;
				CLANG_WARN_RANGE_LOOP_ANALYSIS = YES;
				CLANG_WARN_STRICT_PROTOTYPES = YES;
				CLANG_WARN_SUSPICIOUS_MOVE = YES;
				CLANG_WARN_UNGUARDED_AVAILABILITY = YES_AGGRESSIVE;
				CLANG_WARN_UNREACHABLE_CODE = YES;
				CLANG_WARN__DUPLICATE_METHOD_MATCH = YES;
				COPY_PHASE_STRIP = NO;
				DEBUG_INFORMATION_FORMAT = dwarf;
				ENABLE_STRICT_OBJC_MSGSEND = YES;
				ENABLE_TESTABILITY = YES;
				GCC_C_LANGUAGE_STANDARD = gnu11;
				GCC_DYNAMIC_NO_PIC = NO;
				GCC_NO_COMMON_BLOCKS = YES;
				GCC_OPTIMIZATION_LEVEL = 0;
				GCC_PREPROCESSOR_DEFINITIONS = (
					"DEBUG=1",
					"$(inherited)",
				);
				GCC_WARN_64_TO_32_BIT_CONVERSION = YES;
				GCC_WARN_ABOUT_RETURN_TYPE = YES_ERROR;
				GCC_WARN_UNDECLARED_SELECTOR = YES;
				GCC_WARN_UNINITIALIZED_AUTOS = YES_AGGRESSIVE;
				GCC_WARN_UNUSED_FUNCTION = YES;
				GCC_WARN_UNUSED_VARIABLE = YES;
				IPHONEOS_DEPLOYMENT_TARGET = 16.2;
				MTL_ENABLE_DEBUG_INFO = INCLUDE_SOURCE;
				MTL_FAST_MATH = YES;
				ONLY_ACTIVE_ARCH = YES;
				SDKROOT = iphoneos;
				SWIFT_ACTIVE_COMPILATION_CONDITIONS = DEBUG;
				SWIFT_OPTIMIZATION_LEVEL = "-Onone";
			};
			name = Debug;
		};
		B06FC85F296FB3FF00B202D8 /* Release */ = {
			isa = XCBuildConfiguration;
			buildSettings = {
				ALWAYS_SEARCH_USER_PATHS = NO;
				CLANG_ANALYZER_NONNULL = YES;
				CLANG_ANALYZER_NUMBER_OBJECT_CONVERSION = YES_AGGRESSIVE;
				CLANG_CXX_LANGUAGE_STANDARD = "gnu++20";
				CLANG_ENABLE_MODULES = YES;
				CLANG_ENABLE_OBJC_ARC = YES;
				CLANG_ENABLE_OBJC_WEAK = YES;
				CLANG_WARN_BLOCK_CAPTURE_AUTORELEASING = YES;
				CLANG_WARN_BOOL_CONVERSION = YES;
				CLANG_WARN_COMMA = YES;
				CLANG_WARN_CONSTANT_CONVERSION = YES;
				CLANG_WARN_DEPRECATED_OBJC_IMPLEMENTATIONS = YES;
				CLANG_WARN_DIRECT_OBJC_ISA_USAGE = YES_ERROR;
				CLANG_WARN_DOCUMENTATION_COMMENTS = YES;
				CLANG_WARN_EMPTY_BODY = YES;
				CLANG_WARN_ENUM_CONVERSION = YES;
				CLANG_WARN_INFINITE_RECURSION = YES;
				CLANG_WARN_INT_CONVERSION = YES;
				CLANG_WARN_NON_LITERAL_NULL_CONVERSION = YES;
				CLANG_WARN_OBJC_IMPLICIT_RETAIN_SELF = YES;
				CLANG_WARN_OBJC_LITERAL_CONVERSION = YES;
				CLANG_WARN_OBJC_ROOT_CLASS = YES_ERROR;
				CLANG_WARN_QUOTED_INCLUDE_IN_FRAMEWORK_HEADER = YES;
				CLANG_WARN_RANGE_LOOP_ANALYSIS = YES;
				CLANG_WARN_STRICT_PROTOTYPES = YES;
				CLANG_WARN_SUSPICIOUS_MOVE = YES;
				CLANG_WARN_UNGUARDED_AVAILABILITY = YES_AGGRESSIVE;
				CLANG_WARN_UNREACHABLE_CODE = YES;
				CLANG_WARN__DUPLICATE_METHOD_MATCH = YES;
				COPY_PHASE_STRIP = NO;
				DEBUG_INFORMATION_FORMAT = "dwarf-with-dsym";
				ENABLE_NS_ASSERTIONS = NO;
				ENABLE_STRICT_OBJC_MSGSEND = YES;
				GCC_C_LANGUAGE_STANDARD = gnu11;
				GCC_NO_COMMON_BLOCKS = YES;
				GCC_WARN_64_TO_32_BIT_CONVERSION = YES;
				GCC_WARN_ABOUT_RETURN_TYPE = YES_ERROR;
				GCC_WARN_UNDECLARED_SELECTOR = YES;
				GCC_WARN_UNINITIALIZED_AUTOS = YES_AGGRESSIVE;
				GCC_WARN_UNUSED_FUNCTION = YES;
				GCC_WARN_UNUSED_VARIABLE = YES;
				IPHONEOS_DEPLOYMENT_TARGET = 16.2;
				MTL_ENABLE_DEBUG_INFO = NO;
				MTL_FAST_MATH = YES;
				SDKROOT = iphoneos;
				SWIFT_COMPILATION_MODE = wholemodule;
				SWIFT_OPTIMIZATION_LEVEL = "-O";
				VALIDATE_PRODUCT = YES;
			};
			name = Release;
		};
		B06FC861296FB3FF00B202D8 /* Debug */ = {
			isa = XCBuildConfiguration;
			buildSettings = {
				ASSETCATALOG_COMPILER_APPICON_NAME = AppIcon;
				ASSETCATALOG_COMPILER_GLOBAL_ACCENT_COLOR_NAME = AccentColor;
				CODE_SIGN_STYLE = Automatic;
				CURRENT_PROJECT_VERSION = 1;
				GENERATE_INFOPLIST_FILE = YES;
				INFOPLIST_FILE = DynamicControl/Info.plist;
				INFOPLIST_KEY_UIApplicationSupportsIndirectInputEvents = YES;
				INFOPLIST_KEY_UILaunchStoryboardName = LaunchScreen;
				INFOPLIST_KEY_UIMainStoryboardFile = Main;
				INFOPLIST_KEY_UISupportedInterfaceOrientations_iPad = "UIInterfaceOrientationPortrait UIInterfaceOrientationPortraitUpsideDown UIInterfaceOrientationLandscapeLeft UIInterfaceOrientationLandscapeRight";
				INFOPLIST_KEY_UISupportedInterfaceOrientations_iPhone = "UIInterfaceOrientationPortrait UIInterfaceOrientationLandscapeLeft UIInterfaceOrientationLandscapeRight";
				LD_RUNPATH_SEARCH_PATHS = (
					"$(inherited)",
					"@executable_path/Frameworks",
				);
				MARKETING_VERSION = 1.0;
				PRODUCT_BUNDLE_IDENTIFIER = com.rnw.DynamicControl;
				PRODUCT_NAME = "$(TARGET_NAME)";
				SWIFT_EMIT_LOC_STRINGS = YES;
				SWIFT_VERSION = 5.0;
				TARGETED_DEVICE_FAMILY = "1,2";
			};
			name = Debug;
		};
		B06FC862296FB3FF00B202D8 /* Release */ = {
			isa = XCBuildConfiguration;
			buildSettings = {
				ASSETCATALOG_COMPILER_APPICON_NAME = AppIcon;
				ASSETCATALOG_COMPILER_GLOBAL_ACCENT_COLOR_NAME = AccentColor;
				CODE_SIGN_STYLE = Automatic;
				CURRENT_PROJECT_VERSION = 1;
				GENERATE_INFOPLIST_FILE = YES;
				INFOPLIST_FILE = DynamicControl/Info.plist;
				INFOPLIST_KEY_UIApplicationSupportsIndirectInputEvents = YES;
				INFOPLIST_KEY_UILaunchStoryboardName = LaunchScreen;
				INFOPLIST_KEY_UIMainStoryboardFile = Main;
				INFOPLIST_KEY_UISupportedInterfaceOrientations_iPad = "UIInterfaceOrientationPortrait UIInterfaceOrientationPortraitUpsideDown UIInterfaceOrientationLandscapeLeft UIInterfaceOrientationLandscapeRight";
				INFOPLIST_KEY_UISupportedInterfaceOrientations_iPhone = "UIInterfaceOrientationPortrait UIInterfaceOrientationLandscapeLeft UIInterfaceOrientationLandscapeRight";
				LD_RUNPATH_SEARCH_PATHS = (
					"$(inherited)",
					"@executable_path/Frameworks",
				);
				MARKETING_VERSION = 1.0;
				PRODUCT_BUNDLE_IDENTIFIER = com.rnw.DynamicControl;
				PRODUCT_NAME = "$(TARGET_NAME)";
				SWIFT_EMIT_LOC_STRINGS = YES;
				SWIFT_VERSION = 5.0;
				TARGETED_DEVICE_FAMILY = "1,2";
			};
			name = Release;
		};
		B06FC864296FB3FF00B202D8 /* Debug */ = {
			isa = XCBuildConfiguration;
			buildSettings = {
				ALWAYS_EMBED_SWIFT_STANDARD_LIBRARIES = YES;
				BUNDLE_LOADER = "$(TEST_HOST)";
				CODE_SIGN_STYLE = Automatic;
				CURRENT_PROJECT_VERSION = 1;
				GENERATE_INFOPLIST_FILE = YES;
				IPHONEOS_DEPLOYMENT_TARGET = 16.2;
				MARKETING_VERSION = 1.0;
				PRODUCT_BUNDLE_IDENTIFIER = com.rnw.DynamicControlTests;
				PRODUCT_NAME = "$(TARGET_NAME)";
				SWIFT_EMIT_LOC_STRINGS = NO;
				SWIFT_VERSION = 5.0;
				TARGETED_DEVICE_FAMILY = "1,2";
				TEST_HOST = "$(BUILT_PRODUCTS_DIR)/DynamicControl.app/$(BUNDLE_EXECUTABLE_FOLDER_PATH)/DynamicControl";
			};
			name = Debug;
		};
		B06FC865296FB3FF00B202D8 /* Release */ = {
			isa = XCBuildConfiguration;
			buildSettings = {
				ALWAYS_EMBED_SWIFT_STANDARD_LIBRARIES = YES;
				BUNDLE_LOADER = "$(TEST_HOST)";
				CODE_SIGN_STYLE = Automatic;
				CURRENT_PROJECT_VERSION = 1;
				GENERATE_INFOPLIST_FILE = YES;
				IPHONEOS_DEPLOYMENT_TARGET = 16.2;
				MARKETING_VERSION = 1.0;
				PRODUCT_BUNDLE_IDENTIFIER = com.rnw.DynamicControlTests;
				PRODUCT_NAME = "$(TARGET_NAME)";
				SWIFT_EMIT_LOC_STRINGS = NO;
				SWIFT_VERSION = 5.0;
				TARGETED_DEVICE_FAMILY = "1,2";
				TEST_HOST = "$(BUILT_PRODUCTS_DIR)/DynamicControl.app/$(BUNDLE_EXECUTABLE_FOLDER_PATH)/DynamicControl";
			};
			name = Release;
		};
		B06FC867296FB3FF00B202D8 /* Debug */ = {
			isa = XCBuildConfiguration;
			buildSettings = {
				ALWAYS_EMBED_SWIFT_STANDARD_LIBRARIES = YES;
				CODE_SIGN_STYLE = Automatic;
				CURRENT_PROJECT_VERSION = 1;
				GENERATE_INFOPLIST_FILE = YES;
				MARKETING_VERSION = 1.0;
				PRODUCT_BUNDLE_IDENTIFIER = com.rnw.DynamicControlUITests;
				PRODUCT_NAME = "$(TARGET_NAME)";
				SWIFT_EMIT_LOC_STRINGS = NO;
				SWIFT_VERSION = 5.0;
				TARGETED_DEVICE_FAMILY = "1,2";
				TEST_TARGET_NAME = DynamicControl;
			};
			name = Debug;
		};
		B06FC868296FB3FF00B202D8 /* Release */ = {
			isa = XCBuildConfiguration;
			buildSettings = {
				ALWAYS_EMBED_SWIFT_STANDARD_LIBRARIES = YES;
				CODE_SIGN_STYLE = Automatic;
				CURRENT_PROJECT_VERSION = 1;
				GENERATE_INFOPLIST_FILE = YES;
				MARKETING_VERSION = 1.0;
				PRODUCT_BUNDLE_IDENTIFIER = com.rnw.DynamicControlUITests;
				PRODUCT_NAME = "$(TARGET_NAME)";
				SWIFT_EMIT_LOC_STRINGS = NO;
				SWIFT_VERSION = 5.0;
				TARGETED_DEVICE_FAMILY = "1,2";
				TEST_TARGET_NAME = DynamicControl;
			};
			name = Release;
		};
/* End XCBuildConfiguration section */

/* Begin XCConfigurationList section */
		B06FC831296FB3FE00B202D8 /* Build configuration list for PBXProject "DynamicControl" */ = {
			isa = XCConfigurationList;
			buildConfigurations = (
				B06FC85E296FB3FF00B202D8 /* Debug */,
				B06FC85F296FB3FF00B202D8 /* Release */,
			);
			defaultConfigurationIsVisible = 0;
			defaultConfigurationName = Release;
		};
		B06FC860296FB3FF00B202D8 /* Build configuration list for PBXNativeTarget "DynamicControl" */ = {
			isa = XCConfigurationList;
			buildConfigurations = (
				B06FC861296FB3FF00B202D8 /* Debug */,
				B06FC862296FB3FF00B202D8 /* Release */,
			);
			defaultConfigurationIsVisible = 0;
			defaultConfigurationName = Release;
		};
		B06FC863296FB3FF00B202D8 /* Build configuration list for PBXNativeTarget "DynamicControlTests" */ = {
			isa = XCConfigurationList;
			buildConfigurations = (
				B06FC864296FB3FF00B202D8 /* Debug */,
				B06FC865296FB3FF00B202D8 /* Release */,
			);
			defaultConfigurationIsVisible = 0;
			defaultConfigurationName = Release;
		};
		B06FC866296FB3FF00B202D8 /* Build configuration list for PBXNativeTarget "DynamicControlUITests" */ = {
			isa = XCConfigurationList;
			buildConfigurations = (
				B06FC867296FB3FF00B202D8 /* Debug */,
				B06FC868296FB3FF00B202D8 /* Release */,
			);
			defaultConfigurationIsVisible = 0;
			defaultConfigurationName = Release;
		};
/* End XCConfigurationList section */
	};
	rootObject = B06FC82E296FB3FE00B202D8 /* Project object */;
}
